
Microsoft Visual Studio Solution File, Format Version 12.00
# Visual Studio Version 16
VisualStudioVersion = 16.0.30517.126
MinimumVisualStudioVersion = 10.0.40219.1
Project("{9A19103F-16F7-4668-BE54-9A1E7A4F7556}") = "KampIntro", "KampIntro\KampIntro.csproj", "{2FE3E721-24E1-4F24-AF96-DBA90A743F5F}"
EndProject
Project("{9A19103F-16F7-4668-BE54-9A1E7A4F7556}") = "Donguler", "Donguler\Donguler.csproj", "{C1EB2E11-EEAF-47EA-BDF8-0C4553A89A3C}"
EndProject
Project("{9A19103F-16F7-4668-BE54-9A1E7A4F7556}") = "ClassIntro", "ClassIntro\ClassIntro.csproj", "{0872CC34-7D9B-4F28-B711-83E61CA180AF}"
EndProject
Project("{FAE04EC0-301F-11D3-BF4B-00C04F79EFBC}") = "Metotlar", "Metotlar\Metotlar.csproj", "{E3C31C6C-3DDF-42E1-9A2E-6CE9A2B101F8}"
EndProject
Project("{FAE04EC0-301F-11D3-BF4B-00C04F79EFBC}") = "Matematik", "Matematik\Matematik.csproj", "{F0157B81-0D32-4DD6-83E3-3AD032058503}"
EndProject
Project("{FAE04EC0-301F-11D3-BF4B-00C04F79EFBC}") = "DegerVeReferansTipler", "DegerVeReferansTipler\DegerVeReferansTipler.csproj", "{3FD36050-8F35-4DC3-9A7E-CD21955A0D72}"
EndProject
Global
	GlobalSection(SolutionConfigurationPlatforms) = preSolution
		Debug|Any CPU = Debug|Any CPU
		Release|Any CPU = Release|Any CPU
	EndGlobalSection
	GlobalSection(ProjectConfigurationPlatforms) = postSolution
		{2FE3E721-24E1-4F24-AF96-DBA90A743F5F}.Debug|Any CPU.ActiveCfg = Debug|Any CPU
		{2FE3E721-24E1-4F24-AF96-DBA90A743F5F}.Debug|Any CPU.Build.0 = Debug|Any CPU
		{2FE3E721-24E1-4F24-AF96-DBA90A743F5F}.Release|Any CPU.ActiveCfg = Release|Any CPU
		{2FE3E721-24E1-4F24-AF96-DBA90A743F5F}.Release|Any CPU.Build.0 = Release|Any CPU
		{C1EB2E11-EEAF-47EA-BDF8-0C4553A89A3C}.Debug|Any CPU.ActiveCfg = Debug|Any CPU
		{C1EB2E11-EEAF-47EA-BDF8-0C4553A89A3C}.Debug|Any CPU.Build.0 = Debug|Any CPU
		{C1EB2E11-EEAF-47EA-BDF8-0C4553A89A3C}.Release|Any CPU.ActiveCfg = Release|Any CPU
		{C1EB2E11-EEAF-47EA-BDF8-0C4553A89A3C}.Release|Any CPU.Build.0 = Release|Any CPU
		{0872CC34-7D9B-4F28-B711-83E61CA180AF}.Debug|Any CPU.ActiveCfg = Debug|Any CPU
		{0872CC34-7D9B-4F28-B711-83E61CA180AF}.Debug|Any CPU.Build.0 = Debug|Any CPU
		{0872CC34-7D9B-4F28-B711-83E61CA180AF}.Release|Any CPU.ActiveCfg = Release|Any CPU
		{0872CC34-7D9B-4F28-B711-83E61CA180AF}.Release|Any CPU.Build.0 = Release|Any CPU
		{E3C31C6C-3DDF-42E1-9A2E-6CE9A2B101F8}.Debug|Any CPU.ActiveCfg = Debug|Any CPU
		{E3C31C6C-3DDF-42E1-9A2E-6CE9A2B101F8}.Debug|Any CPU.Build.0 = Debug|Any CPU
		{E3C31C6C-3DDF-42E1-9A2E-6CE9A2B101F8}.Release|Any CPU.ActiveCfg = Release|Any CPU
		{E3C31C6C-3DDF-42E1-9A2E-6CE9A2B101F8}.Release|Any CPU.Build.0 = Release|Any CPU
		{F0157B81-0D32-4DD6-83E3-3AD032058503}.Debug|Any CPU.ActiveCfg = Debug|Any CPU
		{F0157B81-0D32-4DD6-83E3-3AD032058503}.Debug|Any CPU.Build.0 = Debug|Any CPU
		{F0157B81-0D32-4DD6-83E3-3AD032058503}.Release|Any CPU.ActiveCfg = Release|Any CPU
		{F0157B81-0D32-4DD6-83E3-3AD032058503}.Release|Any CPU.Build.0 = Release|Any CPU
		{3FD36050-8F35-4DC3-9A7E-CD21955A0D72}.Debug|Any CPU.ActiveCfg = Debug|Any CPU
		{3FD36050-8F35-4DC3-9A7E-CD21955A0D72}.Debug|Any CPU.Build.0 = Debug|Any CPU
		{3FD36050-8F35-4DC3-9A7E-CD21955A0D72}.Release|Any CPU.ActiveCfg = Release|Any CPU
		{3FD36050-8F35-4DC3-9A7E-CD21955A0D72}.Release|Any CPU.Build.0 = Release|Any CPU
	EndGlobalSection
	GlobalSection(SolutionProperties) = preSolution
		HideSolutionNode = FALSE
	EndGlobalSection
	GlobalSection(ExtensibilityGlobals) = postSolution
		SolutionGuid = {4FF517A0-EBDD-405C-87CE-FE38389FAC69}
	EndGlobalSection
EndGlobal
